<?xml version="1.0" encoding="utf-8"?>
<Project ToolsVersion="4.0" xmlns="http://schemas.microsoft.com/developer/msbuild/2003">
  <ItemGroup>
    <CudaCompile Include="kernel.cu" />
    <CudaCompile Include="tut1.cu">
      <Filter>Tutorial1</Filter>
    </CudaCompile>
  </ItemGroup>
  <ItemGroup>
    <Filter Include="Tutorial1">
      <UniqueIdentifier>{e257c18c-dc40-4cef-9957-dcd71eef45a4}</UniqueIdentifier>
    </Filter>
    <Filter Include="Header Files">
      <UniqueIdentifier>{4883d234-d519-459b-a87a-77a3088668c9}</UniqueIdentifier>
    </Filter>
    <Filter Include="Source Files">
      <UniqueIdentifier>{f3303140-5613-4bdd-bed5-02d5897be3b6}</UniqueIdentifier>
    </Filter>
  </ItemGroup>
  <ItemGroup>
    <ClCompile Include="main.c">
      <Filter>Source Files</Filter>
    </ClCompile>
    <ClCompile Include="stats.c">
      <Filter>Source Files</Filter>
    </ClCompile>
    <ClCompile Include="worldgen_seq.c">
      <Filter>Source Files</Filter>
    </ClCompile>
    <ClCompile Include="worldgen.c">
      <Filter>Source Files</Filter>
    </ClCompile>
    <ClCompile Include="gifencode.c">
      <Filter>Source Files</Filter>
    </ClCompile>
  </ItemGroup>
  <ItemGroup>
    <ClInclude Include="stats.h">
      <Filter>Header Files</Filter>
    </ClInclude>
    <ClInclude Include="worldgen_seq.h">
      <Filter>Header Files</Filter>
    </ClInclude>
    <ClInclude Include="worldgen.h">
      <Filter>Header Files</Filter>
    </ClInclude>
    <ClInclude Include="gifencode.h">
      <Filter>Header Files</Filter>
    </ClInclude>
  </ItemGroup>
</Project>